Microsoft Visual Studio Solution File, Format Version 12.00
# Visual Studio 2012
Project("{FAE04EC0-301F-11D3-BF4B-00C04F79EFBC}") = "Crystals 2", "Crystals 2.csproj", "{8A129591-BFFA-49A1-9C51-6B8B899EA4DB}"
EndProject
Global
	GlobalSection(SolutionConfigurationPlatforms) = preSolution
	Debug|Any CPU = Debug|Any CPU
	ExportDebug|Any CPU = ExportDebug|Any CPU
	ExportRelease|Any CPU = ExportRelease|Any CPU
	EndGlobalSection
	GlobalSection(ProjectConfigurationPlatforms) = postSolution
		{8A129591-BFFA-49A1-9C51-6B8B899EA4DB}.Debug|Any CPU.ActiveCfg = Debug|Any CPU
		{8A129591-BFFA-49A1-9C51-6B8B899EA4DB}.Debug|Any CPU.Build.0 = Debug|Any CPU
		{8A129591-BFFA-49A1-9C51-6B8B899EA4DB}.ExportDebug|Any CPU.ActiveCfg = ExportDebug|Any CPU
		{8A129591-BFFA-49A1-9C51-6B8B899EA4DB}.ExportDebug|Any CPU.Build.0 = ExportDebug|Any CPU
		{8A129591-BFFA-49A1-9C51-6B8B899EA4DB}.ExportRelease|Any CPU.ActiveCfg = ExportRelease|Any CPU
		{8A129591-BFFA-49A1-9C51-6B8B899EA4DB}.ExportRelease|Any CPU.Build.0 = ExportRelease|Any CPU
	EndGlobalSection
EndGlobal
